<?xml version="1.0" encoding="utf-8"?>
<Project ToolsVersion="4.0" xmlns="http://schemas.microsoft.com/developer/msbuild/2003">
  <ItemGroup>
    <Filter Include="Graphics Renderer">
      <UniqueIdentifier>{38d8eb39-6cc0-430c-a968-79c93465a82b}</UniqueIdentifier>
    </Filter>
    <Filter Include="Third Party">
      <UniqueIdentifier>{92cce731-553c-42c0-9147-0a8e6a91e0a9}</UniqueIdentifier>
    </Filter>
    <Filter Include="Third Party\GLAD">
      <UniqueIdentifier>{42dd0032-10ae-41fc-9751-3caedbc113a6}</UniqueIdentifier>
    </Filter>
  </ItemGroup>
  <ItemGroup>
    <ClCompile Include="EntryPoint.cpp">
      <Filter>Graphics Renderer</Filter>
    </ClCompile>
    <ClCompile Include="glad.c">
      <Filter>Third Party\GLAD</Filter>
    </ClCompile>
    <ClCompile Include="DebugCallback.cpp">
      <Filter>Graphics Renderer</Filter>
    </ClCompile>
    <ClCompile Include="ShaderProgram.cpp">
      <Filter>Graphics Renderer</Filter>
    </ClCompile>
    <ClCompile Include="Utilities.cpp">
      <Filter>Graphics Renderer</Filter>
    </ClCompile>
  </ItemGroup>
  <ItemGroup>
    <ClInclude Include="glad.h">
      <Filter>Third Party\GLAD</Filter>
    </ClInclude>
    <ClInclude Include="khrplatform.h">
      <Filter>Third Party\GLAD</Filter>
    </ClInclude>
    <ClInclude Include="Utilities.h">
      <Filter>Graphics Renderer</Filter>
    </ClInclude>
    <ClInclude Include="Graphics.h">
      <Filter>Graphics Renderer</Filter>
    </ClInclude>
    <ClInclude Include="ShaderProgram.h">
      <Filter>Graphics Renderer</Filter>
    </ClInclude>
    <ClInclude Include="DebugCallback.h">
      <Filter>Graphics Renderer</Filter>
    </ClInclude>
  </ItemGroup>
</Project>